<Solution>
  <Folder Name="/Plugins/">
    <Project Path="plugins/ProForma.Plugin.Example/ProForma.Plugin.Example.csproj" />
  </Folder>
  <Folder Name="/Tests/">
    <Project Path="tests/ProForma.Common.Tests/ProForma.Common.Tests.csproj" Id="87325f30-4c4a-4881-bc8f-d3cb1a130601" />
  </Folder>
  <Project Path="ProForma.Common/ProForma.Common.csproj" />
  <Project Path="ProForma.Shared/ProForma.Shared.csproj" />
  <Project Path="ProForma/ProForma.csproj" />
</Solution>
